{
    "name": "lofisky-content-library",
    "version": "0.1.0",
    "lockfileVersion": 3,
    "requires": true,
    "packages": {
        "": {
            "name": "lofisky-content-library",
            "version": "0.1.0",
            "license": "MIT",
            "devDependencies": {
                "@atproto/lex-cli": "^0.7.0"
            }
        },
        "node_modules/@atproto/common-web": {
            "version": "0.4.0",
            "resolved": "https://registry.npmjs.org/@atproto/common-web/-/common-web-0.4.0.tgz",
            "integrity": "sha512-ZYL0P9myHybNgwh/hBY0HaBzqiLR1B5/ie5bJpLQAg0whRzNA28t8/nU2vh99tbsWcAF0LOD29M8++LyENJLNQ==",
            "dev": true,
            "dependencies": {
                "graphemer": "^1.4.0",
                "multiformats": "^9.9.0",
                "uint8arrays": "3.0.0",
                "zod": "^3.23.8"
            }
        },
        "node_modules/@atproto/lex-cli": {
            "version": "0.7.0",
            "resolved": "https://registry.npmjs.org/@atproto/lex-cli/-/lex-cli-0.7.0.tgz",
            "integrity": "sha512-cBVOjuzHA5538tl25z1Oy0IPlpzOIbQLZi3IqqtAwxiRC7FQdhsTpnrcuK6Zc7z0nWIvXdpEYWTsnSYdN3NhCg==",
            "dev": true,
            "dependencies": {
                "@atproto/lexicon": "^0.4.8",
                "@atproto/syntax": "^0.3.4",
                "chalk": "^4.1.2",
                "commander": "^9.4.0",
                "prettier": "^3.2.5",
                "ts-morph": "^24.0.0",
                "yesno": "^0.4.0",
                "zod": "^3.23.8"
            },
            "bin": {
                "lex": "dist/index.js"
            },
            "engines": {
                "node": ">=18.7.0"
            }
        },
        "node_modules/@atproto/lexicon": {
            "version": "0.4.8",
            "resolved": "https://registry.npmjs.org/@atproto/lexicon/-/lexicon-0.4.8.tgz",
            "integrity": "sha512-NPhu4MNHqft4muvHvcU0BrkWoEpTI+OmbQzvZzzRpw54MW3PfrQ4TPEpAfPOrWugPB9y4mD+l8OMN1c9eOGWMQ==",
            "dev": true,
            "dependencies": {
                "@atproto/common-web": "^0.4.0",
                "@atproto/syntax": "^0.3.4",
                "iso-datestring-validator": "^2.2.2",
                "multiformats": "^9.9.0",
                "zod": "^3.23.8"
            }
        },
        "node_modules/@atproto/syntax": {
            "version": "0.3.4",
            "resolved": "https://registry.npmjs.org/@atproto/syntax/-/syntax-0.3.4.tgz",
            "integrity": "sha512-8CNmi5DipOLaVeSMPggMe7FCksVag0aO6XZy9WflbduTKM4dFZVCs4686UeMLfGRXX+X966XgwECHoLYrovMMg==",
            "dev": true
        },
        "node_modules/@ts-morph/common": {
            "version": "0.25.0",
            "resolved": "https://registry.npmjs.org/@ts-morph/common/-/common-0.25.0.tgz",
            "integrity": "sha512-kMnZz+vGGHi4GoHnLmMhGNjm44kGtKUXGnOvrKmMwAuvNjM/PgKVGfUnL7IDvK7Jb2QQ82jq3Zmp04Gy+r3Dkg==",
            "dev": true,
            "dependencies": {
                "minimatch": "^9.0.4",
                "path-browserify": "^1.0.1",
                "tinyglobby": "^0.2.9"
            }
        },
        "node_modules/ansi-styles": {
            "version": "4.3.0",
            "resolved": "https://registry.npmjs.org/ansi-styles/-/ansi-styles-4.3.0.tgz",
            "integrity": "sha512-zbB9rCJAT1rbjiVDb2hqKFHNYLxgtk8NURxZ3IZwD3F6NtxbXZQCnnSi1Lkx+IDohdPlFp222wVALIheZJQSEg==",
            "dev": true,
            "dependencies": {
                "color-convert": "^2.0.1"
            },
            "engines": {
                "node": ">=8"
            },
            "funding": {
                "url": "https://github.com/chalk/ansi-styles?sponsor=1"
            }
        },
        "node_modules/balanced-match": {
            "version": "1.0.2",
            "resolved": "https://registry.npmjs.org/balanced-match/-/balanced-match-1.0.2.tgz",
            "integrity": "sha512-3oSeUO0TMV67hN1AmbXsK4yaqU7tjiHlbxRDZOpH0KW9+CeX4bRAaX0Anxt0tx2MrpRpWwQaPwIlISEJhYU5Pw==",
            "dev": true
        },
        "node_modules/brace-expansion": {
            "version": "2.0.1",
            "resolved": "https://registry.npmjs.org/brace-expansion/-/brace-expansion-2.0.1.tgz",
            "integrity": "sha512-XnAIvQ8eM+kC6aULx6wuQiwVsnzsi9d3WxzV3FpWTGA19F621kwdbsAcFKXgKUHZWsy+mY6iL1sHTxWEFCytDA==",
            "dev": true,
            "dependencies": {
                "balanced-match": "^1.0.0"
            }
        },
        "node_modules/chalk": {
            "version": "4.1.2",
            "resolved": "https://registry.npmjs.org/chalk/-/chalk-4.1.2.tgz",
            "integrity": "sha512-oKnbhFyRIXpUuez8iBMmyEa4nbj4IOQyuhc/wy9kY7/WVPcwIO9VA668Pu8RkO7+0G76SLROeyw9CpQ061i4mA==",
            "dev": true,
            "dependencies": {
                "ansi-styles": "^4.1.0",
                "supports-color": "^7.1.0"
            },
            "engines": {
                "node": ">=10"
            },
            "funding": {
                "url": "https://github.com/chalk/chalk?sponsor=1"
            }
        },
        "node_modules/code-block-writer": {
            "version": "13.0.3",
            "resolved": "https://registry.npmjs.org/code-block-writer/-/code-block-writer-13.0.3.tgz",
            "integrity": "sha512-Oofo0pq3IKnsFtuHqSF7TqBfr71aeyZDVJ0HpmqB7FBM2qEigL0iPONSCZSO9pE9dZTAxANe5XHG9Uy0YMv8cg==",
            "dev": true
        },
        "node_modules/color-convert": {
            "version": "2.0.1",
            "resolved": "https://registry.npmjs.org/color-convert/-/color-convert-2.0.1.tgz",
            "integrity": "sha512-RRECPsj7iu/xb5oKYcsFHSppFNnsj/52OVTRKb4zP5onXwVF3zVmmToNcOfGC+CRDpfK/U584fMg38ZHCaElKQ==",
            "dev": true,
            "dependencies": {
                "color-name": "~1.1.4"
            },
            "engines": {
                "node": ">=7.0.0"
            }
        },
        "node_modules/color-name": {
            "version": "1.1.4",
            "resolved": "https://registry.npmjs.org/color-name/-/color-name-1.1.4.tgz",
            "integrity": "sha512-dOy+3AuW3a2wNbZHIuMZpTcgjGuLU/uBL/ubcZF9OXbDo8ff4O8yVp5Bf0efS8uEoYo5q4Fx7dY9OgQGXgAsQA==",
            "dev": true
        },
        "node_modules/commander": {
            "version": "9.5.0",
            "resolved": "https://registry.npmjs.org/commander/-/commander-9.5.0.tgz",
            "integrity": "sha512-KRs7WVDKg86PWiuAqhDrAQnTXZKraVcCc6vFdL14qrZ/DcWwuRo7VoiYXalXO7S5GKpqYiVEwCbgFDfxNHKJBQ==",
            "dev": true,
            "engines": {
                "node": "^12.20.0 || >=14"
            }
        },
        "node_modules/fdir": {
            "version": "6.4.3",
            "resolved": "https://registry.npmjs.org/fdir/-/fdir-6.4.3.tgz",
            "integrity": "sha512-PMXmW2y1hDDfTSRc9gaXIuCCRpuoz3Kaz8cUelp3smouvfT632ozg2vrT6lJsHKKOF59YLbOGfAWGUcKEfRMQw==",
            "dev": true,
            "peerDependencies": {
                "picomatch": "^3 || ^4"
            },
            "peerDependenciesMeta": {
                "picomatch": {
                    "optional": true
                }
            }
        },
        "node_modules/graphemer": {
            "version": "1.4.0",
            "resolved": "https://registry.npmjs.org/graphemer/-/graphemer-1.4.0.tgz",
            "integrity": "sha512-EtKwoO6kxCL9WO5xipiHTZlSzBm7WLT627TqC/uVRd0HKmq8NXyebnNYxDoBi7wt8eTWrUrKXCOVaFq9x1kgag==",
            "dev": true
        },
        "node_modules/has-flag": {
            "version": "4.0.0",
            "resolved": "https://registry.npmjs.org/has-flag/-/has-flag-4.0.0.tgz",
            "integrity": "sha512-EykJT/Q1KjTWctppgIAgfSO0tKVuZUjhgMr17kqTumMl6Afv3EISleU7qZUzoXDFTAHTDC4NOoG/ZxU3EvlMPQ==",
            "dev": true,
            "engines": {
                "node": ">=8"
            }
        },
        "node_modules/iso-datestring-validator": {
            "version": "2.2.2",
            "resolved": "https://registry.npmjs.org/iso-datestring-validator/-/iso-datestring-validator-2.2.2.tgz",
            "integrity": "sha512-yLEMkBbLZTlVQqOnQ4FiMujR6T4DEcCb1xizmvXS+OxuhwcbtynoosRzdMA69zZCShCNAbi+gJ71FxZBBXx1SA==",
            "dev": true
        },
        "node_modules/minimatch": {
            "version": "9.0.5",
            "resolved": "https://registry.npmjs.org/minimatch/-/minimatch-9.0.5.tgz",
            "integrity": "sha512-G6T0ZX48xgozx7587koeX9Ys2NYy6Gmv//P89sEte9V9whIapMNF4idKxnW2QtCcLiTWlb/wfCabAtAFWhhBow==",
            "dev": true,
            "dependencies": {
                "brace-expansion": "^2.0.1"
            },
            "engines": {
                "node": ">=16 || 14 >=14.17"
            },
            "funding": {
                "url": "https://github.com/sponsors/isaacs"
            }
        },
        "node_modules/multiformats": {
            "version": "9.9.0",
            "resolved": "https://registry.npmjs.org/multiformats/-/multiformats-9.9.0.tgz",
            "integrity": "sha512-HoMUjhH9T8DDBNT+6xzkrd9ga/XiBI4xLr58LJACwK6G3HTOPeMz4nB4KJs33L2BelrIJa7P0VuNaVF3hMYfjg==",
            "dev": true
        },
        "node_modules/path-browserify": {
            "version": "1.0.1",
            "resolved": "https://registry.npmjs.org/path-browserify/-/path-browserify-1.0.1.tgz",
            "integrity": "sha512-b7uo2UCUOYZcnF/3ID0lulOJi/bafxa1xPe7ZPsammBSpjSWQkjNxlt635YGS2MiR9GjvuXCtz2emr3jbsz98g==",
            "dev": true
        },
        "node_modules/picomatch": {
            "version": "4.0.2",
            "resolved": "https://registry.npmjs.org/picomatch/-/picomatch-4.0.2.tgz",
            "integrity": "sha512-M7BAV6Rlcy5u+m6oPhAPFgJTzAioX/6B0DxyvDlo9l8+T3nLKbrczg2WLUyzd45L8RqfUMyGPzekbMvX2Ldkwg==",
            "dev": true,
            "engines": {
                "node": ">=12"
            },
            "funding": {
                "url": "https://github.com/sponsors/jonschlinkert"
            }
        },
        "node_modules/prettier": {
            "version": "3.5.3",
            "resolved": "https://registry.npmjs.org/prettier/-/prettier-3.5.3.tgz",
            "integrity": "sha512-QQtaxnoDJeAkDvDKWCLiwIXkTgRhwYDEQCghU9Z6q03iyek/rxRh/2lC3HB7P8sWT2xC/y5JDctPLBIGzHKbhw==",
            "dev": true,
            "bin": {
                "prettier": "bin/prettier.cjs"
            },
            "engines": {
                "node": ">=14"
            },
            "funding": {
                "url": "https://github.com/prettier/prettier?sponsor=1"
            }
        },
        "node_modules/supports-color": {
            "version": "7.2.0",
            "resolved": "https://registry.npmjs.org/supports-color/-/supports-color-7.2.0.tgz",
            "integrity": "sha512-qpCAvRl9stuOHveKsn7HncJRvv501qIacKzQlO/+Lwxc9+0q2wLyv4Dfvt80/DPn2pqOBsJdDiogXGR9+OvwRw==",
            "dev": true,
            "dependencies": {
                "has-flag": "^4.0.0"
            },
            "engines": {
                "node": ">=8"
            }
        },
        "node_modules/tinyglobby": {
            "version": "0.2.12",
            "resolved": "https://registry.npmjs.org/tinyglobby/-/tinyglobby-0.2.12.tgz",
            "integrity": "sha512-qkf4trmKSIiMTs/E63cxH+ojC2unam7rJ0WrauAzpT3ECNTxGRMlaXxVbfxMUC/w0LaYk6jQ4y/nGR9uBO3tww==",
            "dev": true,
            "dependencies": {
                "fdir": "^6.4.3",
                "picomatch": "^4.0.2"
            },
            "engines": {
                "node": ">=12.0.0"
            },
            "funding": {
                "url": "https://github.com/sponsors/SuperchupuDev"
            }
        },
        "node_modules/ts-morph": {
            "version": "24.0.0",
            "resolved": "https://registry.npmjs.org/ts-morph/-/ts-morph-24.0.0.tgz",
            "integrity": "sha512-2OAOg/Ob5yx9Et7ZX4CvTCc0UFoZHwLEJ+dpDPSUi5TgwwlTlX47w+iFRrEwzUZwYACjq83cgjS/Da50Ga37uw==",
            "dev": true,
            "dependencies": {
                "@ts-morph/common": "~0.25.0",
                "code-block-writer": "^13.0.3"
            }
        },
        "node_modules/uint8arrays": {
            "version": "3.0.0",
            "resolved": "https://registry.npmjs.org/uint8arrays/-/uint8arrays-3.0.0.tgz",
            "integrity": "sha512-HRCx0q6O9Bfbp+HHSfQQKD7wU70+lydKVt4EghkdOvlK/NlrF90z+eXV34mUd48rNvVJXwkrMSPpCATkct8fJA==",
            "dev": true,
            "dependencies": {
                "multiformats": "^9.4.2"
            }
        },
        "node_modules/yesno": {
            "version": "0.4.0",
            "resolved": "https://registry.npmjs.org/yesno/-/yesno-0.4.0.tgz",
            "integrity": "sha512-tdBxmHvbXPBKYIg81bMCB7bVeDmHkRzk5rVJyYYXurwKkHq/MCd8rz4HSJUP7hW0H2NlXiq8IFiWvYKEHhlotA==",
            "dev": true
        },
        "node_modules/zod": {
            "version": "3.24.2",
            "resolved": "https://registry.npmjs.org/zod/-/zod-3.24.2.tgz",
            "integrity": "sha512-lY7CDW43ECgW9u1TcT3IoXHflywfVqDYze4waEz812jR/bZ8FHDsl7pFQoSZTz5N+2NqRXs8GBwnAwo3ZNxqhQ==",
            "dev": true,
            "funding": {
                "url": "https://github.com/sponsors/colinhacks"
            }
        }
    }
}
